PODS:
  - VisualKit (0.0.1):
    - VisualKit/Source (= 0.0.1)
  - VisualKit/Source (0.0.1)

DEPENDENCIES:
  - VisualKit (from `./VisualKit.podspec`)

EXTERNAL SOURCES:
  VisualKit:
    :path: ./VisualKit.podspec

SPEC CHECKSUMS:
  VisualKit: 7f03d12f910b1d58a3a0607f23eb3a41329f8d9b

PODFILE CHECKSUM: 20f0ed9e26b27e0f1d4ad646f002cec612e2323d

COCOAPODS: 1.2.0
